
Microsoft Visual Studio Solution File, Format Version 12.00
# Visual Studio 15
VisualStudioVersion = 15.0.28307.421
MinimumVisualStudioVersion = 10.0.40219.1
Project("{9A19103F-16F7-4668-BE54-9A1E7A4F7556}") = "TaskData", "TaskData\TaskData.csproj", "{2FFAFCF7-D368-406B-8E7A-7101FFC5EF67}"
EndProject
Project("{9A19103F-16F7-4668-BE54-9A1E7A4F7556}") = "Statistics", "Statistics\Statistics.csproj", "{D0C1A1A6-7F64-4AC0-AC81-1E23B884E5B4}"
EndProject
Project("{2150E333-8FDC-42A3-9474-1A3956D46DE8}") = "Domain", "Domain", "{BE25B8FE-2497-40EB-B328-082786A9BEF9}"
EndProject
Project("{9A19103F-16F7-4668-BE54-9A1E7A4F7556}") = "Logger", "Logger\Logger.csproj", "{209286D7-45DE-4A0B-80D7-3C6EF3B6775C}"
EndProject
Project("{FAE04EC0-301F-11D3-BF4B-00C04F79EFBC}") = "TaskData.Contracts", "TaskData.Contracts\TaskData.Contracts.csproj", "{AE4004BD-6E99-4C05-8006-2C34459407DC}"
EndProject
Project("{FAE04EC0-301F-11D3-BF4B-00C04F79EFBC}") = "Logger.Contracts", "Logger.Contracts\Logger.Contracts.csproj", "{92987A8C-6004-4056-AE52-9326158D6181}"
EndProject
Project("{2150E333-8FDC-42A3-9474-1A3956D46DE8}") = "Repository", "Repository", "{12C7F13F-CED5-4CBA-80ED-EF73D2194FB0}"
EndProject
Project("{FAE04EC0-301F-11D3-BF4B-00C04F79EFBC}") = "Database.Contracts", "Database.Contracts\Database.Contracts.csproj", "{07C1CAB0-815D-456D-8C4F-3D1066D7F6D6}"
EndProject
Project("{FAE04EC0-301F-11D3-BF4B-00C04F79EFBC}") = "Database.JsonService", "Database.JsonService\Database.JsonService.csproj", "{969F2D6A-EC83-42F9-9D12-194B14E0AEED}"
EndProject
Project("{FAE04EC0-301F-11D3-BF4B-00C04F79EFBC}") = "TaskData.Tests", "TaskData.Tests\TaskData.Tests.csproj", "{7BCB298B-33A1-4639-9724-167D8704C39D}"
EndProject
Project("{2150E333-8FDC-42A3-9474-1A3956D46DE8}") = "Service", "Service", "{9E65E04A-AF8D-4ACA-B05A-3995B70955D0}"
EndProject
Project("{FAE04EC0-301F-11D3-BF4B-00C04F79EFBC}") = "TaskManager", "TaskManager\TaskManager.csproj", "{5609EE53-350B-41E9-8361-B7399D15695F}"
EndProject
Global
	GlobalSection(SolutionConfigurationPlatforms) = preSolution
		Debug|Any CPU = Debug|Any CPU
		Release|Any CPU = Release|Any CPU
	EndGlobalSection
	GlobalSection(ProjectConfigurationPlatforms) = postSolution
		{2FFAFCF7-D368-406B-8E7A-7101FFC5EF67}.Debug|Any CPU.ActiveCfg = Debug|Any CPU
		{2FFAFCF7-D368-406B-8E7A-7101FFC5EF67}.Debug|Any CPU.Build.0 = Debug|Any CPU
		{2FFAFCF7-D368-406B-8E7A-7101FFC5EF67}.Release|Any CPU.ActiveCfg = Release|Any CPU
		{2FFAFCF7-D368-406B-8E7A-7101FFC5EF67}.Release|Any CPU.Build.0 = Release|Any CPU
		{D0C1A1A6-7F64-4AC0-AC81-1E23B884E5B4}.Debug|Any CPU.ActiveCfg = Debug|Any CPU
		{D0C1A1A6-7F64-4AC0-AC81-1E23B884E5B4}.Debug|Any CPU.Build.0 = Debug|Any CPU
		{D0C1A1A6-7F64-4AC0-AC81-1E23B884E5B4}.Release|Any CPU.ActiveCfg = Release|Any CPU
		{D0C1A1A6-7F64-4AC0-AC81-1E23B884E5B4}.Release|Any CPU.Build.0 = Release|Any CPU
		{209286D7-45DE-4A0B-80D7-3C6EF3B6775C}.Debug|Any CPU.ActiveCfg = Debug|Any CPU
		{209286D7-45DE-4A0B-80D7-3C6EF3B6775C}.Debug|Any CPU.Build.0 = Debug|Any CPU
		{209286D7-45DE-4A0B-80D7-3C6EF3B6775C}.Release|Any CPU.ActiveCfg = Release|Any CPU
		{209286D7-45DE-4A0B-80D7-3C6EF3B6775C}.Release|Any CPU.Build.0 = Release|Any CPU
		{AE4004BD-6E99-4C05-8006-2C34459407DC}.Debug|Any CPU.ActiveCfg = Debug|Any CPU
		{AE4004BD-6E99-4C05-8006-2C34459407DC}.Debug|Any CPU.Build.0 = Debug|Any CPU
		{AE4004BD-6E99-4C05-8006-2C34459407DC}.Release|Any CPU.ActiveCfg = Release|Any CPU
		{AE4004BD-6E99-4C05-8006-2C34459407DC}.Release|Any CPU.Build.0 = Release|Any CPU
		{92987A8C-6004-4056-AE52-9326158D6181}.Debug|Any CPU.ActiveCfg = Debug|Any CPU
		{92987A8C-6004-4056-AE52-9326158D6181}.Debug|Any CPU.Build.0 = Debug|Any CPU
		{92987A8C-6004-4056-AE52-9326158D6181}.Release|Any CPU.ActiveCfg = Release|Any CPU
		{92987A8C-6004-4056-AE52-9326158D6181}.Release|Any CPU.Build.0 = Release|Any CPU
		{07C1CAB0-815D-456D-8C4F-3D1066D7F6D6}.Debug|Any CPU.ActiveCfg = Debug|Any CPU
		{07C1CAB0-815D-456D-8C4F-3D1066D7F6D6}.Debug|Any CPU.Build.0 = Debug|Any CPU
		{07C1CAB0-815D-456D-8C4F-3D1066D7F6D6}.Release|Any CPU.ActiveCfg = Release|Any CPU
		{07C1CAB0-815D-456D-8C4F-3D1066D7F6D6}.Release|Any CPU.Build.0 = Release|Any CPU
		{969F2D6A-EC83-42F9-9D12-194B14E0AEED}.Debug|Any CPU.ActiveCfg = Debug|Any CPU
		{969F2D6A-EC83-42F9-9D12-194B14E0AEED}.Debug|Any CPU.Build.0 = Debug|Any CPU
		{969F2D6A-EC83-42F9-9D12-194B14E0AEED}.Release|Any CPU.ActiveCfg = Release|Any CPU
		{969F2D6A-EC83-42F9-9D12-194B14E0AEED}.Release|Any CPU.Build.0 = Release|Any CPU
		{7BCB298B-33A1-4639-9724-167D8704C39D}.Debug|Any CPU.ActiveCfg = Debug|Any CPU
		{7BCB298B-33A1-4639-9724-167D8704C39D}.Debug|Any CPU.Build.0 = Debug|Any CPU
		{7BCB298B-33A1-4639-9724-167D8704C39D}.Release|Any CPU.ActiveCfg = Release|Any CPU
		{7BCB298B-33A1-4639-9724-167D8704C39D}.Release|Any CPU.Build.0 = Release|Any CPU
		{5609EE53-350B-41E9-8361-B7399D15695F}.Debug|Any CPU.ActiveCfg = Debug|Any CPU
		{5609EE53-350B-41E9-8361-B7399D15695F}.Debug|Any CPU.Build.0 = Debug|Any CPU
		{5609EE53-350B-41E9-8361-B7399D15695F}.Release|Any CPU.ActiveCfg = Release|Any CPU
		{5609EE53-350B-41E9-8361-B7399D15695F}.Release|Any CPU.Build.0 = Release|Any CPU
	EndGlobalSection
	GlobalSection(SolutionProperties) = preSolution
		HideSolutionNode = FALSE
	EndGlobalSection
	GlobalSection(NestedProjects) = preSolution
		{2FFAFCF7-D368-406B-8E7A-7101FFC5EF67} = {BE25B8FE-2497-40EB-B328-082786A9BEF9}
		{D0C1A1A6-7F64-4AC0-AC81-1E23B884E5B4} = {BE25B8FE-2497-40EB-B328-082786A9BEF9}
		{209286D7-45DE-4A0B-80D7-3C6EF3B6775C} = {BE25B8FE-2497-40EB-B328-082786A9BEF9}
		{AE4004BD-6E99-4C05-8006-2C34459407DC} = {BE25B8FE-2497-40EB-B328-082786A9BEF9}
		{92987A8C-6004-4056-AE52-9326158D6181} = {BE25B8FE-2497-40EB-B328-082786A9BEF9}
		{07C1CAB0-815D-456D-8C4F-3D1066D7F6D6} = {12C7F13F-CED5-4CBA-80ED-EF73D2194FB0}
		{969F2D6A-EC83-42F9-9D12-194B14E0AEED} = {12C7F13F-CED5-4CBA-80ED-EF73D2194FB0}
		{7BCB298B-33A1-4639-9724-167D8704C39D} = {BE25B8FE-2497-40EB-B328-082786A9BEF9}
		{5609EE53-350B-41E9-8361-B7399D15695F} = {9E65E04A-AF8D-4ACA-B05A-3995B70955D0}
	EndGlobalSection
	GlobalSection(ExtensibilityGlobals) = postSolution
		SolutionGuid = {0A0F0ECC-3889-4C4D-9DAB-415F46C036A8}
	EndGlobalSection
EndGlobal
