
Microsoft Visual Studio Solution File, Format Version 12.00
# Visual Studio Version 16
VisualStudioVersion = 16.0.29025.244
MinimumVisualStudioVersion = 10.0.40219.1
Project("{2150E333-8FDC-42A3-9474-1A3956D46DE8}") = "Domain", "Domain", "{BE25B8FE-2497-40EB-B328-082786A9BEF9}"
EndProject
Project("{2150E333-8FDC-42A3-9474-1A3956D46DE8}") = "Repository", "Repository", "{12C7F13F-CED5-4CBA-80ED-EF73D2194FB0}"
EndProject
Project("{2150E333-8FDC-42A3-9474-1A3956D46DE8}") = "Service", "Service", "{9E65E04A-AF8D-4ACA-B05A-3995B70955D0}"
EndProject
Project("{2150E333-8FDC-42A3-9474-1A3956D46DE8}") = "UI", "UI", "{82AE1917-BEE2-4E1A-A0F1-5A6B425DC17B}"
EndProject
Project("{9A19103F-16F7-4668-BE54-9A1E7A4F7556}") = "IDProducer", "Domain\IDProducer\IDProducer.csproj", "{69937741-0BCC-451C-96D2-421F1AD901EA}"
EndProject
Project("{9A19103F-16F7-4668-BE54-9A1E7A4F7556}") = "Logger", "Domain\Logger\Logger.csproj", "{B5C8F16A-7BD3-412C-AD3B-B9E177104C00}"
EndProject
Project("{9A19103F-16F7-4668-BE54-9A1E7A4F7556}") = "Logger.Contracts", "Domain\Logger.Contracts\Logger.Contracts.csproj", "{BA22095F-BD41-4E22-93AC-0A5CF03B390C}"
EndProject
Project("{9A19103F-16F7-4668-BE54-9A1E7A4F7556}") = "ObjectSerializer.Contracts", "Domain\ObjectSerializer.Contracts\ObjectSerializer.Contracts.csproj", "{C6872515-D46F-4007-AD88-0A5117D5C61F}"
EndProject
Project("{9A19103F-16F7-4668-BE54-9A1E7A4F7556}") = "ObjectSerializer.JsonService", "Domain\ObjectSerializer.JsonService\ObjectSerializer.JsonService.csproj", "{305114BB-80AE-4296-8384-A8598A11D9AD}"
EndProject
Project("{9A19103F-16F7-4668-BE54-9A1E7A4F7556}") = "Statistics", "Domain\Statistics\Statistics.csproj", "{4F14DCE9-85CD-4676-92A1-90D0E0D4A32C}"
EndProject
Project("{9A19103F-16F7-4668-BE54-9A1E7A4F7556}") = "TaskData", "Domain\TaskData\TaskData.csproj", "{F8B65012-1131-4AAA-9B55-B97B78F4DE4E}"
EndProject
Project("{9A19103F-16F7-4668-BE54-9A1E7A4F7556}") = "TaskData.Contracts", "Domain\TaskData.Contracts\TaskData.Contracts.csproj", "{80E6ED6C-8760-4120-AA86-51BDACDE3B4E}"
EndProject
Project("{2150E333-8FDC-42A3-9474-1A3956D46DE8}") = "Tests", "Tests", "{432581AE-8314-423F-AFD9-19C31A57C4AF}"
EndProject
Project("{9A19103F-16F7-4668-BE54-9A1E7A4F7556}") = "TaskData.Tests", "Domain\Tests\TaskData.Tests\TaskData.Tests.csproj", "{7DC53405-858A-4D23-9CE7-0C6F8732B437}"
EndProject
Project("{9A19103F-16F7-4668-BE54-9A1E7A4F7556}") = "Database.Configuration", "Repository\Database.Configuration\Database.Configuration.csproj", "{2C4B10D9-0200-4EFA-A537-687042D82EC0}"
EndProject
Project("{9A19103F-16F7-4668-BE54-9A1E7A4F7556}") = "Database", "Repository\Database.JsonService\Database.csproj", "{5ECD6BDF-70AD-461B-93EA-49A9391999BB}"
EndProject
Project("{2150E333-8FDC-42A3-9474-1A3956D46DE8}") = "Tests", "Tests", "{5C117F22-C748-4873-9E5A-F39C131EAC62}"
EndProject
Project("{9A19103F-16F7-4668-BE54-9A1E7A4F7556}") = "Database.Configuration.Tests", "Repository\Database.Configuration.Tests\Database.Configuration.Tests.csproj", "{B37AF340-99EB-42C8-BEAE-D6DF79DDA8EF}"
EndProject
Project("{9A19103F-16F7-4668-BE54-9A1E7A4F7556}") = "Database.Tests", "Repository\Database.JsonService.Tests\Database.Tests.csproj", "{0218BB57-7140-4E7F-9764-923EBE29D6B7}"
EndProject
Project("{9A19103F-16F7-4668-BE54-9A1E7A4F7556}") = "TaskManager", "Service\TaskManager\TaskManager.csproj", "{2FA2CE8B-AAFC-4CB8-BD3C-44EAA29AD8AE}"
EndProject
Project("{9A19103F-16F7-4668-BE54-9A1E7A4F7556}") = "TaskManager.Contracts", "Service\TaskManager.Contracts\TaskManager.Contracts.csproj", "{49CA088D-E701-4273-96D0-F224D731811F}"
EndProject
Project("{2150E333-8FDC-42A3-9474-1A3956D46DE8}") = "Tests", "Tests", "{B07E90F2-A958-4B9A-B1BF-AD612CC6CE15}"
EndProject
Project("{9A19103F-16F7-4668-BE54-9A1E7A4F7556}") = "TaskManager.Integration.Tests", "Service\TaskManager.Tests\TaskManager.Integration.Tests.csproj", "{D5F9B07B-DB16-423F-8F88-64256808988C}"
EndProject
Project("{9A19103F-16F7-4668-BE54-9A1E7A4F7556}") = "Composition", "UI\Composition\Composition.csproj", "{A4DACA57-46F3-433D-9804-183F39EB9762}"
EndProject
Project("{9A19103F-16F7-4668-BE54-9A1E7A4F7556}") = "ConsoleUI", "UI\ConsoleUI\ConsoleUI.csproj", "{5BA50982-9A02-4204-8740-EA717A1992A1}"
EndProject
Project("{9A19103F-16F7-4668-BE54-9A1E7A4F7556}") = "Database.Contracts", "Repository\Database.Contracts\Database.Contracts.csproj", "{21F2AD3D-859B-49DA-8319-3E5041D84FFB}"
EndProject
Global
	GlobalSection(SolutionConfigurationPlatforms) = preSolution
		Debug|Any CPU = Debug|Any CPU
		Release|Any CPU = Release|Any CPU
	EndGlobalSection
	GlobalSection(ProjectConfigurationPlatforms) = postSolution
		{69937741-0BCC-451C-96D2-421F1AD901EA}.Debug|Any CPU.ActiveCfg = Debug|Any CPU
		{69937741-0BCC-451C-96D2-421F1AD901EA}.Debug|Any CPU.Build.0 = Debug|Any CPU
		{69937741-0BCC-451C-96D2-421F1AD901EA}.Release|Any CPU.ActiveCfg = Release|Any CPU
		{69937741-0BCC-451C-96D2-421F1AD901EA}.Release|Any CPU.Build.0 = Release|Any CPU
		{B5C8F16A-7BD3-412C-AD3B-B9E177104C00}.Debug|Any CPU.ActiveCfg = Debug|Any CPU
		{B5C8F16A-7BD3-412C-AD3B-B9E177104C00}.Debug|Any CPU.Build.0 = Debug|Any CPU
		{B5C8F16A-7BD3-412C-AD3B-B9E177104C00}.Release|Any CPU.ActiveCfg = Release|Any CPU
		{B5C8F16A-7BD3-412C-AD3B-B9E177104C00}.Release|Any CPU.Build.0 = Release|Any CPU
		{BA22095F-BD41-4E22-93AC-0A5CF03B390C}.Debug|Any CPU.ActiveCfg = Debug|Any CPU
		{BA22095F-BD41-4E22-93AC-0A5CF03B390C}.Debug|Any CPU.Build.0 = Debug|Any CPU
		{BA22095F-BD41-4E22-93AC-0A5CF03B390C}.Release|Any CPU.ActiveCfg = Release|Any CPU
		{BA22095F-BD41-4E22-93AC-0A5CF03B390C}.Release|Any CPU.Build.0 = Release|Any CPU
		{C6872515-D46F-4007-AD88-0A5117D5C61F}.Debug|Any CPU.ActiveCfg = Debug|Any CPU
		{C6872515-D46F-4007-AD88-0A5117D5C61F}.Debug|Any CPU.Build.0 = Debug|Any CPU
		{C6872515-D46F-4007-AD88-0A5117D5C61F}.Release|Any CPU.ActiveCfg = Release|Any CPU
		{C6872515-D46F-4007-AD88-0A5117D5C61F}.Release|Any CPU.Build.0 = Release|Any CPU
		{305114BB-80AE-4296-8384-A8598A11D9AD}.Debug|Any CPU.ActiveCfg = Debug|Any CPU
		{305114BB-80AE-4296-8384-A8598A11D9AD}.Debug|Any CPU.Build.0 = Debug|Any CPU
		{305114BB-80AE-4296-8384-A8598A11D9AD}.Release|Any CPU.ActiveCfg = Release|Any CPU
		{305114BB-80AE-4296-8384-A8598A11D9AD}.Release|Any CPU.Build.0 = Release|Any CPU
		{4F14DCE9-85CD-4676-92A1-90D0E0D4A32C}.Debug|Any CPU.ActiveCfg = Debug|Any CPU
		{4F14DCE9-85CD-4676-92A1-90D0E0D4A32C}.Debug|Any CPU.Build.0 = Debug|Any CPU
		{4F14DCE9-85CD-4676-92A1-90D0E0D4A32C}.Release|Any CPU.ActiveCfg = Release|Any CPU
		{4F14DCE9-85CD-4676-92A1-90D0E0D4A32C}.Release|Any CPU.Build.0 = Release|Any CPU
		{F8B65012-1131-4AAA-9B55-B97B78F4DE4E}.Debug|Any CPU.ActiveCfg = Debug|Any CPU
		{F8B65012-1131-4AAA-9B55-B97B78F4DE4E}.Debug|Any CPU.Build.0 = Debug|Any CPU
		{F8B65012-1131-4AAA-9B55-B97B78F4DE4E}.Release|Any CPU.ActiveCfg = Release|Any CPU
		{F8B65012-1131-4AAA-9B55-B97B78F4DE4E}.Release|Any CPU.Build.0 = Release|Any CPU
		{80E6ED6C-8760-4120-AA86-51BDACDE3B4E}.Debug|Any CPU.ActiveCfg = Debug|Any CPU
		{80E6ED6C-8760-4120-AA86-51BDACDE3B4E}.Debug|Any CPU.Build.0 = Debug|Any CPU
		{80E6ED6C-8760-4120-AA86-51BDACDE3B4E}.Release|Any CPU.ActiveCfg = Release|Any CPU
		{80E6ED6C-8760-4120-AA86-51BDACDE3B4E}.Release|Any CPU.Build.0 = Release|Any CPU
		{7DC53405-858A-4D23-9CE7-0C6F8732B437}.Debug|Any CPU.ActiveCfg = Debug|Any CPU
		{7DC53405-858A-4D23-9CE7-0C6F8732B437}.Debug|Any CPU.Build.0 = Debug|Any CPU
		{7DC53405-858A-4D23-9CE7-0C6F8732B437}.Release|Any CPU.ActiveCfg = Release|Any CPU
		{7DC53405-858A-4D23-9CE7-0C6F8732B437}.Release|Any CPU.Build.0 = Release|Any CPU
		{2C4B10D9-0200-4EFA-A537-687042D82EC0}.Debug|Any CPU.ActiveCfg = Debug|Any CPU
		{2C4B10D9-0200-4EFA-A537-687042D82EC0}.Debug|Any CPU.Build.0 = Debug|Any CPU
		{2C4B10D9-0200-4EFA-A537-687042D82EC0}.Release|Any CPU.ActiveCfg = Release|Any CPU
		{2C4B10D9-0200-4EFA-A537-687042D82EC0}.Release|Any CPU.Build.0 = Release|Any CPU
		{5ECD6BDF-70AD-461B-93EA-49A9391999BB}.Debug|Any CPU.ActiveCfg = Debug|Any CPU
		{5ECD6BDF-70AD-461B-93EA-49A9391999BB}.Debug|Any CPU.Build.0 = Debug|Any CPU
		{5ECD6BDF-70AD-461B-93EA-49A9391999BB}.Release|Any CPU.ActiveCfg = Release|Any CPU
		{5ECD6BDF-70AD-461B-93EA-49A9391999BB}.Release|Any CPU.Build.0 = Release|Any CPU
		{B37AF340-99EB-42C8-BEAE-D6DF79DDA8EF}.Debug|Any CPU.ActiveCfg = Debug|Any CPU
		{B37AF340-99EB-42C8-BEAE-D6DF79DDA8EF}.Debug|Any CPU.Build.0 = Debug|Any CPU
		{B37AF340-99EB-42C8-BEAE-D6DF79DDA8EF}.Release|Any CPU.ActiveCfg = Release|Any CPU
		{B37AF340-99EB-42C8-BEAE-D6DF79DDA8EF}.Release|Any CPU.Build.0 = Release|Any CPU
		{0218BB57-7140-4E7F-9764-923EBE29D6B7}.Debug|Any CPU.ActiveCfg = Debug|Any CPU
		{0218BB57-7140-4E7F-9764-923EBE29D6B7}.Debug|Any CPU.Build.0 = Debug|Any CPU
		{0218BB57-7140-4E7F-9764-923EBE29D6B7}.Release|Any CPU.ActiveCfg = Release|Any CPU
		{0218BB57-7140-4E7F-9764-923EBE29D6B7}.Release|Any CPU.Build.0 = Release|Any CPU
		{2FA2CE8B-AAFC-4CB8-BD3C-44EAA29AD8AE}.Debug|Any CPU.ActiveCfg = Debug|Any CPU
		{2FA2CE8B-AAFC-4CB8-BD3C-44EAA29AD8AE}.Debug|Any CPU.Build.0 = Debug|Any CPU
		{2FA2CE8B-AAFC-4CB8-BD3C-44EAA29AD8AE}.Release|Any CPU.ActiveCfg = Release|Any CPU
		{2FA2CE8B-AAFC-4CB8-BD3C-44EAA29AD8AE}.Release|Any CPU.Build.0 = Release|Any CPU
		{49CA088D-E701-4273-96D0-F224D731811F}.Debug|Any CPU.ActiveCfg = Debug|Any CPU
		{49CA088D-E701-4273-96D0-F224D731811F}.Debug|Any CPU.Build.0 = Debug|Any CPU
		{49CA088D-E701-4273-96D0-F224D731811F}.Release|Any CPU.ActiveCfg = Release|Any CPU
		{49CA088D-E701-4273-96D0-F224D731811F}.Release|Any CPU.Build.0 = Release|Any CPU
		{D5F9B07B-DB16-423F-8F88-64256808988C}.Debug|Any CPU.ActiveCfg = Debug|Any CPU
		{D5F9B07B-DB16-423F-8F88-64256808988C}.Debug|Any CPU.Build.0 = Debug|Any CPU
		{D5F9B07B-DB16-423F-8F88-64256808988C}.Release|Any CPU.ActiveCfg = Release|Any CPU
		{D5F9B07B-DB16-423F-8F88-64256808988C}.Release|Any CPU.Build.0 = Release|Any CPU
		{A4DACA57-46F3-433D-9804-183F39EB9762}.Debug|Any CPU.ActiveCfg = Debug|Any CPU
		{A4DACA57-46F3-433D-9804-183F39EB9762}.Debug|Any CPU.Build.0 = Debug|Any CPU
		{A4DACA57-46F3-433D-9804-183F39EB9762}.Release|Any CPU.ActiveCfg = Release|Any CPU
		{A4DACA57-46F3-433D-9804-183F39EB9762}.Release|Any CPU.Build.0 = Release|Any CPU
		{5BA50982-9A02-4204-8740-EA717A1992A1}.Debug|Any CPU.ActiveCfg = Debug|Any CPU
		{5BA50982-9A02-4204-8740-EA717A1992A1}.Debug|Any CPU.Build.0 = Debug|Any CPU
		{5BA50982-9A02-4204-8740-EA717A1992A1}.Release|Any CPU.ActiveCfg = Release|Any CPU
		{5BA50982-9A02-4204-8740-EA717A1992A1}.Release|Any CPU.Build.0 = Release|Any CPU
		{21F2AD3D-859B-49DA-8319-3E5041D84FFB}.Debug|Any CPU.ActiveCfg = Debug|Any CPU
		{21F2AD3D-859B-49DA-8319-3E5041D84FFB}.Debug|Any CPU.Build.0 = Debug|Any CPU
		{21F2AD3D-859B-49DA-8319-3E5041D84FFB}.Release|Any CPU.ActiveCfg = Release|Any CPU
		{21F2AD3D-859B-49DA-8319-3E5041D84FFB}.Release|Any CPU.Build.0 = Release|Any CPU
	EndGlobalSection
	GlobalSection(SolutionProperties) = preSolution
		HideSolutionNode = FALSE
	EndGlobalSection
	GlobalSection(NestedProjects) = preSolution
		{69937741-0BCC-451C-96D2-421F1AD901EA} = {BE25B8FE-2497-40EB-B328-082786A9BEF9}
		{B5C8F16A-7BD3-412C-AD3B-B9E177104C00} = {BE25B8FE-2497-40EB-B328-082786A9BEF9}
		{BA22095F-BD41-4E22-93AC-0A5CF03B390C} = {BE25B8FE-2497-40EB-B328-082786A9BEF9}
		{C6872515-D46F-4007-AD88-0A5117D5C61F} = {BE25B8FE-2497-40EB-B328-082786A9BEF9}
		{305114BB-80AE-4296-8384-A8598A11D9AD} = {BE25B8FE-2497-40EB-B328-082786A9BEF9}
		{4F14DCE9-85CD-4676-92A1-90D0E0D4A32C} = {BE25B8FE-2497-40EB-B328-082786A9BEF9}
		{F8B65012-1131-4AAA-9B55-B97B78F4DE4E} = {BE25B8FE-2497-40EB-B328-082786A9BEF9}
		{80E6ED6C-8760-4120-AA86-51BDACDE3B4E} = {BE25B8FE-2497-40EB-B328-082786A9BEF9}
		{432581AE-8314-423F-AFD9-19C31A57C4AF} = {BE25B8FE-2497-40EB-B328-082786A9BEF9}
		{7DC53405-858A-4D23-9CE7-0C6F8732B437} = {432581AE-8314-423F-AFD9-19C31A57C4AF}
		{2C4B10D9-0200-4EFA-A537-687042D82EC0} = {12C7F13F-CED5-4CBA-80ED-EF73D2194FB0}
		{5ECD6BDF-70AD-461B-93EA-49A9391999BB} = {12C7F13F-CED5-4CBA-80ED-EF73D2194FB0}
		{5C117F22-C748-4873-9E5A-F39C131EAC62} = {12C7F13F-CED5-4CBA-80ED-EF73D2194FB0}
		{B37AF340-99EB-42C8-BEAE-D6DF79DDA8EF} = {5C117F22-C748-4873-9E5A-F39C131EAC62}
		{0218BB57-7140-4E7F-9764-923EBE29D6B7} = {5C117F22-C748-4873-9E5A-F39C131EAC62}
		{2FA2CE8B-AAFC-4CB8-BD3C-44EAA29AD8AE} = {9E65E04A-AF8D-4ACA-B05A-3995B70955D0}
		{49CA088D-E701-4273-96D0-F224D731811F} = {9E65E04A-AF8D-4ACA-B05A-3995B70955D0}
		{B07E90F2-A958-4B9A-B1BF-AD612CC6CE15} = {9E65E04A-AF8D-4ACA-B05A-3995B70955D0}
		{D5F9B07B-DB16-423F-8F88-64256808988C} = {B07E90F2-A958-4B9A-B1BF-AD612CC6CE15}
		{A4DACA57-46F3-433D-9804-183F39EB9762} = {82AE1917-BEE2-4E1A-A0F1-5A6B425DC17B}
		{5BA50982-9A02-4204-8740-EA717A1992A1} = {82AE1917-BEE2-4E1A-A0F1-5A6B425DC17B}
		{21F2AD3D-859B-49DA-8319-3E5041D84FFB} = {12C7F13F-CED5-4CBA-80ED-EF73D2194FB0}
	EndGlobalSection
	GlobalSection(ExtensibilityGlobals) = postSolution
		SolutionGuid = {0A0F0ECC-3889-4C4D-9DAB-415F46C036A8}
	EndGlobalSection
EndGlobal
