
Microsoft Visual Studio Solution File, Format Version 12.00
# Visual Studio Version 16
VisualStudioVersion = 16.0.29025.244
MinimumVisualStudioVersion = 10.0.40219.1
Project("{2150E333-8FDC-42A3-9474-1A3956D46DE8}") = "Domain", "Domain", "{BE25B8FE-2497-40EB-B328-082786A9BEF9}"
EndProject
Project("{2150E333-8FDC-42A3-9474-1A3956D46DE8}") = "UI", "UI", "{82AE1917-BEE2-4E1A-A0F1-5A6B425DC17B}"
EndProject
Project("{9A19103F-16F7-4668-BE54-9A1E7A4F7556}") = "ObjectSerializer.JsonService", "Domain\ObjectSerializer.JsonService\ObjectSerializer.JsonService.csproj", "{305114BB-80AE-4296-8384-A8598A11D9AD}"
EndProject
Project("{9A19103F-16F7-4668-BE54-9A1E7A4F7556}") = "TaskData", "Domain\TaskData\TaskData.csproj", "{F8B65012-1131-4AAA-9B55-B97B78F4DE4E}"
EndProject
Project("{9A19103F-16F7-4668-BE54-9A1E7A4F7556}") = "Tasker", "UI\ConsoleUI\Tasker.csproj", "{5BA50982-9A02-4204-8740-EA717A1992A1}"
EndProject
Project("{9A19103F-16F7-4668-BE54-9A1E7A4F7556}") = "TaskData.Tests", "Tests\Domain\TaskData.Tests\TaskData.Tests.csproj", "{2A182E3A-6489-4FBA-A39B-8F7D28E3B851}"
EndProject
Project("{2150E333-8FDC-42A3-9474-1A3956D46DE8}") = "Tests", "Tests", "{037A5454-A322-4D05-8846-6AF6A79ABC33}"
EndProject
Project("{2150E333-8FDC-42A3-9474-1A3956D46DE8}") = "Domain", "Domain", "{8B312823-958B-495C-9DB0-3EEE955E1349}"
EndProject
Project("{9A19103F-16F7-4668-BE54-9A1E7A4F7556}") = "ObjectSerializer.JsonService.Tests", "Tests\Domain\ObjectSerializer.JsonService.Tests\ObjectSerializer.JsonService.Tests.csproj", "{D4EC0690-2326-4B78-BE01-51B62C16EAB7}"
EndProject
Global
	GlobalSection(SolutionConfigurationPlatforms) = preSolution
		Debug|Any CPU = Debug|Any CPU
		Release|Any CPU = Release|Any CPU
	EndGlobalSection
	GlobalSection(ProjectConfigurationPlatforms) = postSolution
		{305114BB-80AE-4296-8384-A8598A11D9AD}.Debug|Any CPU.ActiveCfg = Debug|Any CPU
		{305114BB-80AE-4296-8384-A8598A11D9AD}.Debug|Any CPU.Build.0 = Debug|Any CPU
		{305114BB-80AE-4296-8384-A8598A11D9AD}.Release|Any CPU.ActiveCfg = Release|Any CPU
		{305114BB-80AE-4296-8384-A8598A11D9AD}.Release|Any CPU.Build.0 = Release|Any CPU
		{F8B65012-1131-4AAA-9B55-B97B78F4DE4E}.Debug|Any CPU.ActiveCfg = Debug|Any CPU
		{F8B65012-1131-4AAA-9B55-B97B78F4DE4E}.Debug|Any CPU.Build.0 = Debug|Any CPU
		{F8B65012-1131-4AAA-9B55-B97B78F4DE4E}.Release|Any CPU.ActiveCfg = Release|Any CPU
		{F8B65012-1131-4AAA-9B55-B97B78F4DE4E}.Release|Any CPU.Build.0 = Release|Any CPU
		{5BA50982-9A02-4204-8740-EA717A1992A1}.Debug|Any CPU.ActiveCfg = Debug|Any CPU
		{5BA50982-9A02-4204-8740-EA717A1992A1}.Debug|Any CPU.Build.0 = Debug|Any CPU
		{5BA50982-9A02-4204-8740-EA717A1992A1}.Release|Any CPU.ActiveCfg = Release|Any CPU
		{5BA50982-9A02-4204-8740-EA717A1992A1}.Release|Any CPU.Build.0 = Release|Any CPU
		{2A182E3A-6489-4FBA-A39B-8F7D28E3B851}.Debug|Any CPU.ActiveCfg = Debug|Any CPU
		{2A182E3A-6489-4FBA-A39B-8F7D28E3B851}.Debug|Any CPU.Build.0 = Debug|Any CPU
		{2A182E3A-6489-4FBA-A39B-8F7D28E3B851}.Release|Any CPU.ActiveCfg = Release|Any CPU
		{2A182E3A-6489-4FBA-A39B-8F7D28E3B851}.Release|Any CPU.Build.0 = Release|Any CPU
		{D4EC0690-2326-4B78-BE01-51B62C16EAB7}.Debug|Any CPU.ActiveCfg = Debug|Any CPU
		{D4EC0690-2326-4B78-BE01-51B62C16EAB7}.Debug|Any CPU.Build.0 = Debug|Any CPU
		{D4EC0690-2326-4B78-BE01-51B62C16EAB7}.Release|Any CPU.ActiveCfg = Release|Any CPU
		{D4EC0690-2326-4B78-BE01-51B62C16EAB7}.Release|Any CPU.Build.0 = Release|Any CPU
	EndGlobalSection
	GlobalSection(SolutionProperties) = preSolution
		HideSolutionNode = FALSE
	EndGlobalSection
	GlobalSection(NestedProjects) = preSolution
		{305114BB-80AE-4296-8384-A8598A11D9AD} = {BE25B8FE-2497-40EB-B328-082786A9BEF9}
		{F8B65012-1131-4AAA-9B55-B97B78F4DE4E} = {BE25B8FE-2497-40EB-B328-082786A9BEF9}
		{5BA50982-9A02-4204-8740-EA717A1992A1} = {82AE1917-BEE2-4E1A-A0F1-5A6B425DC17B}
		{2A182E3A-6489-4FBA-A39B-8F7D28E3B851} = {8B312823-958B-495C-9DB0-3EEE955E1349}
		{8B312823-958B-495C-9DB0-3EEE955E1349} = {037A5454-A322-4D05-8846-6AF6A79ABC33}
		{D4EC0690-2326-4B78-BE01-51B62C16EAB7} = {8B312823-958B-495C-9DB0-3EEE955E1349}
	EndGlobalSection
	GlobalSection(ExtensibilityGlobals) = postSolution
		SolutionGuid = {0A0F0ECC-3889-4C4D-9DAB-415F46C036A8}
	EndGlobalSection
EndGlobal
